
Microsoft Visual Studio Solution File, Format Version 12.00
# Visual Studio 15
VisualStudioVersion = 15.0.27004.2006
MinimumVisualStudioVersion = 10.0.40219.1
Project("{2150E333-8FDC-42A3-9474-1A3956D46DE8}") = "DemoNetCoreComDDD", "DemoNetCoreComDDD", "{7DA4B4AE-BEBD-4EED-A313-DD75E0A07CE2}"
EndProject
Project("{2150E333-8FDC-42A3-9474-1A3956D46DE8}") = "1. Apresentacao", "1. Apresentacao", "{3C6F6AEC-5EAB-44F9-9EBC-A88F40D4EC74}"
EndProject
Project("{2150E333-8FDC-42A3-9474-1A3956D46DE8}") = "2. Serviços", "2. Serviços", "{89A1813E-FF89-458C-9B78-4A14ADCEAF67}"
EndProject
Project("{2150E333-8FDC-42A3-9474-1A3956D46DE8}") = "3. Dominio", "3. Dominio", "{2E818C37-3936-4042-A26C-A603A38B0DF2}"
EndProject
Project("{2150E333-8FDC-42A3-9474-1A3956D46DE8}") = "4. Infra", "4. Infra", "{334AAE5B-3880-4502-94D4-77382A62A3CA}"
EndProject
Project("{9A19103F-16F7-4668-BE54-9A1E7A4F7556}") = "Infra.CrossCuting", "src\Infra.CrossCuting\Infra.CrossCuting.csproj", "{10EA4947-B99F-4544-A75A-BF914EB8D3D7}"
EndProject
Project("{9A19103F-16F7-4668-BE54-9A1E7A4F7556}") = "Domain.Core", "src\Domain.Core\Domain.Core.csproj", "{D3A3963A-25C8-405D-B73B-8AEC908EDA7C}"
EndProject
Project("{9A19103F-16F7-4668-BE54-9A1E7A4F7556}") = "Domain.Shared", "src\Domain.Core.Shared\Domain.Shared.csproj", "{6106E3A1-5B7E-42F0-A017-A37157D65962}"
EndProject
Project("{9A19103F-16F7-4668-BE54-9A1E7A4F7556}") = "Infra", "src\Infra\Infra.csproj", "{1150C535-6E54-4982-B123-1F854313099B}"
EndProject
Project("{9A19103F-16F7-4668-BE54-9A1E7A4F7556}") = "Api", "src\Api\Api.csproj", "{CB53C6EF-BCB4-476A-BB23-0E9B0707A8B9}"
EndProject
Project("{9A19103F-16F7-4668-BE54-9A1E7A4F7556}") = "Infra.Ioc", "src\Infra.Ioc\Infra.Ioc.csproj", "{830A5284-5973-493B-AD0A-D146B8FA31AB}"
EndProject
Project("{9A19103F-16F7-4668-BE54-9A1E7A4F7556}") = "Infra.Mapper", "src\Infra.Mapper\Infra.Mapper.csproj", "{7DA1F027-2698-463B-B591-436F98FB901C}"
EndProject
Project("{2150E333-8FDC-42A3-9474-1A3956D46DE8}") = "Infra.Utils", "Infra.Utils", "{940CC603-2D30-46C0-95ED-2627BF30F5A4}"
EndProject
Project("{9A19103F-16F7-4668-BE54-9A1E7A4F7556}") = "Infra.Utils", "src\Infra.Utils\Infra.Utils.csproj", "{25E4B783-9F74-463C-98DD-6C3BAE8130E1}"
EndProject
Project("{2150E333-8FDC-42A3-9474-1A3956D46DE8}") = "DemoConsole", "DemoConsole", "{8765AC21-38DB-425B-80A0-F7625E87D78F}"
EndProject
Project("{FAE04EC0-301F-11D3-BF4B-00C04F79EFBC}") = "ConsoleTeste", "ConsoleTeste\ConsoleTeste.csproj", "{61307974-B28B-489D-91C4-3F8032E8032B}"
EndProject
Project("{2150E333-8FDC-42A3-9474-1A3956D46DE8}") = "TestesUnitarios", "TestesUnitarios", "{032A35B5-101B-4B21-8BE9-E260E69CC8CC}"
EndProject
Project("{FAE04EC0-301F-11D3-BF4B-00C04F79EFBC}") = "UnitTest", "UnitTest\UnitTest.csproj", "{D7371678-C859-4B0D-9054-9935686BD44C}"
EndProject
Global
	GlobalSection(SolutionConfigurationPlatforms) = preSolution
		aa|Any CPU = aa|Any CPU
		aa|x64 = aa|x64
		aa|x86 = aa|x86
		Debug|Any CPU = Debug|Any CPU
		Debug|x64 = Debug|x64
		Debug|x86 = Debug|x86
		Release|Any CPU = Release|Any CPU
		Release|x64 = Release|x64
		Release|x86 = Release|x86
	EndGlobalSection
	GlobalSection(ProjectConfigurationPlatforms) = postSolution
		{10EA4947-B99F-4544-A75A-BF914EB8D3D7}.aa|Any CPU.ActiveCfg = Release|Any CPU
		{10EA4947-B99F-4544-A75A-BF914EB8D3D7}.aa|Any CPU.Build.0 = Release|Any CPU
		{10EA4947-B99F-4544-A75A-BF914EB8D3D7}.aa|x64.ActiveCfg = aa|Any CPU
		{10EA4947-B99F-4544-A75A-BF914EB8D3D7}.aa|x64.Build.0 = aa|Any CPU
		{10EA4947-B99F-4544-A75A-BF914EB8D3D7}.aa|x86.ActiveCfg = Release|Any CPU
		{10EA4947-B99F-4544-A75A-BF914EB8D3D7}.aa|x86.Build.0 = Release|Any CPU
		{10EA4947-B99F-4544-A75A-BF914EB8D3D7}.Debug|Any CPU.ActiveCfg = Debug|Any CPU
		{10EA4947-B99F-4544-A75A-BF914EB8D3D7}.Debug|Any CPU.Build.0 = Debug|Any CPU
		{10EA4947-B99F-4544-A75A-BF914EB8D3D7}.Debug|x64.ActiveCfg = Debug|Any CPU
		{10EA4947-B99F-4544-A75A-BF914EB8D3D7}.Debug|x86.ActiveCfg = Debug|Any CPU
		{10EA4947-B99F-4544-A75A-BF914EB8D3D7}.Debug|x86.Build.0 = Debug|Any CPU
		{10EA4947-B99F-4544-A75A-BF914EB8D3D7}.Release|Any CPU.ActiveCfg = Release|Any CPU
		{10EA4947-B99F-4544-A75A-BF914EB8D3D7}.Release|Any CPU.Build.0 = Release|Any CPU
		{10EA4947-B99F-4544-A75A-BF914EB8D3D7}.Release|x64.ActiveCfg = Release|Any CPU
		{10EA4947-B99F-4544-A75A-BF914EB8D3D7}.Release|x64.Build.0 = Release|Any CPU
		{10EA4947-B99F-4544-A75A-BF914EB8D3D7}.Release|x86.ActiveCfg = Release|Any CPU
		{10EA4947-B99F-4544-A75A-BF914EB8D3D7}.Release|x86.Build.0 = Release|Any CPU
		{D3A3963A-25C8-405D-B73B-8AEC908EDA7C}.aa|Any CPU.ActiveCfg = Release|Any CPU
		{D3A3963A-25C8-405D-B73B-8AEC908EDA7C}.aa|Any CPU.Build.0 = Release|Any CPU
		{D3A3963A-25C8-405D-B73B-8AEC908EDA7C}.aa|x64.ActiveCfg = Release|x64
		{D3A3963A-25C8-405D-B73B-8AEC908EDA7C}.aa|x64.Build.0 = Release|x64
		{D3A3963A-25C8-405D-B73B-8AEC908EDA7C}.aa|x86.ActiveCfg = Release|Any CPU
		{D3A3963A-25C8-405D-B73B-8AEC908EDA7C}.aa|x86.Build.0 = Release|Any CPU
		{D3A3963A-25C8-405D-B73B-8AEC908EDA7C}.Debug|Any CPU.ActiveCfg = Debug|Any CPU
		{D3A3963A-25C8-405D-B73B-8AEC908EDA7C}.Debug|Any CPU.Build.0 = Debug|Any CPU
		{D3A3963A-25C8-405D-B73B-8AEC908EDA7C}.Debug|x64.ActiveCfg = Debug|x64
		{D3A3963A-25C8-405D-B73B-8AEC908EDA7C}.Debug|x86.ActiveCfg = Debug|Any CPU
		{D3A3963A-25C8-405D-B73B-8AEC908EDA7C}.Debug|x86.Build.0 = Debug|Any CPU
		{D3A3963A-25C8-405D-B73B-8AEC908EDA7C}.Release|Any CPU.ActiveCfg = Release|Any CPU
		{D3A3963A-25C8-405D-B73B-8AEC908EDA7C}.Release|Any CPU.Build.0 = Release|Any CPU
		{D3A3963A-25C8-405D-B73B-8AEC908EDA7C}.Release|x64.ActiveCfg = Release|x64
		{D3A3963A-25C8-405D-B73B-8AEC908EDA7C}.Release|x64.Build.0 = Release|x64
		{D3A3963A-25C8-405D-B73B-8AEC908EDA7C}.Release|x86.ActiveCfg = Release|Any CPU
		{D3A3963A-25C8-405D-B73B-8AEC908EDA7C}.Release|x86.Build.0 = Release|Any CPU
		{6106E3A1-5B7E-42F0-A017-A37157D65962}.aa|Any CPU.ActiveCfg = Release|Any CPU
		{6106E3A1-5B7E-42F0-A017-A37157D65962}.aa|Any CPU.Build.0 = Release|Any CPU
		{6106E3A1-5B7E-42F0-A017-A37157D65962}.aa|x64.ActiveCfg = aa|Any CPU
		{6106E3A1-5B7E-42F0-A017-A37157D65962}.aa|x64.Build.0 = aa|Any CPU
		{6106E3A1-5B7E-42F0-A017-A37157D65962}.aa|x86.ActiveCfg = Release|Any CPU
		{6106E3A1-5B7E-42F0-A017-A37157D65962}.aa|x86.Build.0 = Release|Any CPU
		{6106E3A1-5B7E-42F0-A017-A37157D65962}.Debug|Any CPU.ActiveCfg = Debug|Any CPU
		{6106E3A1-5B7E-42F0-A017-A37157D65962}.Debug|Any CPU.Build.0 = Debug|Any CPU
		{6106E3A1-5B7E-42F0-A017-A37157D65962}.Debug|x64.ActiveCfg = Debug|Any CPU
		{6106E3A1-5B7E-42F0-A017-A37157D65962}.Debug|x86.ActiveCfg = Debug|Any CPU
		{6106E3A1-5B7E-42F0-A017-A37157D65962}.Debug|x86.Build.0 = Debug|Any CPU
		{6106E3A1-5B7E-42F0-A017-A37157D65962}.Release|Any CPU.ActiveCfg = Release|Any CPU
		{6106E3A1-5B7E-42F0-A017-A37157D65962}.Release|Any CPU.Build.0 = Release|Any CPU
		{6106E3A1-5B7E-42F0-A017-A37157D65962}.Release|x64.ActiveCfg = Release|Any CPU
		{6106E3A1-5B7E-42F0-A017-A37157D65962}.Release|x64.Build.0 = Release|Any CPU
		{6106E3A1-5B7E-42F0-A017-A37157D65962}.Release|x86.ActiveCfg = Release|Any CPU
		{6106E3A1-5B7E-42F0-A017-A37157D65962}.Release|x86.Build.0 = Release|Any CPU
		{1150C535-6E54-4982-B123-1F854313099B}.aa|Any CPU.ActiveCfg = Release|Any CPU
		{1150C535-6E54-4982-B123-1F854313099B}.aa|Any CPU.Build.0 = Release|Any CPU
		{1150C535-6E54-4982-B123-1F854313099B}.aa|x64.ActiveCfg = aa|Any CPU
		{1150C535-6E54-4982-B123-1F854313099B}.aa|x64.Build.0 = aa|Any CPU
		{1150C535-6E54-4982-B123-1F854313099B}.aa|x86.ActiveCfg = Release|Any CPU
		{1150C535-6E54-4982-B123-1F854313099B}.aa|x86.Build.0 = Release|Any CPU
		{1150C535-6E54-4982-B123-1F854313099B}.Debug|Any CPU.ActiveCfg = Debug|Any CPU
		{1150C535-6E54-4982-B123-1F854313099B}.Debug|Any CPU.Build.0 = Debug|Any CPU
		{1150C535-6E54-4982-B123-1F854313099B}.Debug|x64.ActiveCfg = Debug|Any CPU
		{1150C535-6E54-4982-B123-1F854313099B}.Debug|x86.ActiveCfg = Debug|Any CPU
		{1150C535-6E54-4982-B123-1F854313099B}.Debug|x86.Build.0 = Debug|Any CPU
		{1150C535-6E54-4982-B123-1F854313099B}.Release|Any CPU.ActiveCfg = Release|Any CPU
		{1150C535-6E54-4982-B123-1F854313099B}.Release|Any CPU.Build.0 = Release|Any CPU
		{1150C535-6E54-4982-B123-1F854313099B}.Release|x64.ActiveCfg = Release|Any CPU
		{1150C535-6E54-4982-B123-1F854313099B}.Release|x64.Build.0 = Release|Any CPU
		{1150C535-6E54-4982-B123-1F854313099B}.Release|x86.ActiveCfg = Release|Any CPU
		{1150C535-6E54-4982-B123-1F854313099B}.Release|x86.Build.0 = Release|Any CPU
		{CB53C6EF-BCB4-476A-BB23-0E9B0707A8B9}.aa|Any CPU.ActiveCfg = Release|Any CPU
		{CB53C6EF-BCB4-476A-BB23-0E9B0707A8B9}.aa|Any CPU.Build.0 = Release|Any CPU
		{CB53C6EF-BCB4-476A-BB23-0E9B0707A8B9}.aa|x64.ActiveCfg = Debug|Any CPU
		{CB53C6EF-BCB4-476A-BB23-0E9B0707A8B9}.aa|x64.Build.0 = Debug|Any CPU
		{CB53C6EF-BCB4-476A-BB23-0E9B0707A8B9}.aa|x86.ActiveCfg = Release|Any CPU
		{CB53C6EF-BCB4-476A-BB23-0E9B0707A8B9}.aa|x86.Build.0 = Release|Any CPU
		{CB53C6EF-BCB4-476A-BB23-0E9B0707A8B9}.Debug|Any CPU.ActiveCfg = Debug|Any CPU
		{CB53C6EF-BCB4-476A-BB23-0E9B0707A8B9}.Debug|Any CPU.Build.0 = Debug|Any CPU
		{CB53C6EF-BCB4-476A-BB23-0E9B0707A8B9}.Debug|x64.ActiveCfg = Debug|Any CPU
		{CB53C6EF-BCB4-476A-BB23-0E9B0707A8B9}.Debug|x64.Build.0 = Debug|Any CPU
		{CB53C6EF-BCB4-476A-BB23-0E9B0707A8B9}.Debug|x86.ActiveCfg = Debug|Any CPU
		{CB53C6EF-BCB4-476A-BB23-0E9B0707A8B9}.Debug|x86.Build.0 = Debug|Any CPU
		{CB53C6EF-BCB4-476A-BB23-0E9B0707A8B9}.Release|Any CPU.ActiveCfg = Release|Any CPU
		{CB53C6EF-BCB4-476A-BB23-0E9B0707A8B9}.Release|Any CPU.Build.0 = Release|Any CPU
		{CB53C6EF-BCB4-476A-BB23-0E9B0707A8B9}.Release|x64.ActiveCfg = Release|Any CPU
		{CB53C6EF-BCB4-476A-BB23-0E9B0707A8B9}.Release|x64.Build.0 = Release|Any CPU
		{CB53C6EF-BCB4-476A-BB23-0E9B0707A8B9}.Release|x86.ActiveCfg = Release|Any CPU
		{CB53C6EF-BCB4-476A-BB23-0E9B0707A8B9}.Release|x86.Build.0 = Release|Any CPU
		{830A5284-5973-493B-AD0A-D146B8FA31AB}.aa|Any CPU.ActiveCfg = Release|Any CPU
		{830A5284-5973-493B-AD0A-D146B8FA31AB}.aa|Any CPU.Build.0 = Release|Any CPU
		{830A5284-5973-493B-AD0A-D146B8FA31AB}.aa|x64.ActiveCfg = aa|Any CPU
		{830A5284-5973-493B-AD0A-D146B8FA31AB}.aa|x64.Build.0 = aa|Any CPU
		{830A5284-5973-493B-AD0A-D146B8FA31AB}.aa|x86.ActiveCfg = Release|Any CPU
		{830A5284-5973-493B-AD0A-D146B8FA31AB}.aa|x86.Build.0 = Release|Any CPU
		{830A5284-5973-493B-AD0A-D146B8FA31AB}.Debug|Any CPU.ActiveCfg = Debug|Any CPU
		{830A5284-5973-493B-AD0A-D146B8FA31AB}.Debug|Any CPU.Build.0 = Debug|Any CPU
		{830A5284-5973-493B-AD0A-D146B8FA31AB}.Debug|x64.ActiveCfg = Debug|Any CPU
		{830A5284-5973-493B-AD0A-D146B8FA31AB}.Debug|x86.ActiveCfg = Debug|Any CPU
		{830A5284-5973-493B-AD0A-D146B8FA31AB}.Debug|x86.Build.0 = Debug|Any CPU
		{830A5284-5973-493B-AD0A-D146B8FA31AB}.Release|Any CPU.ActiveCfg = Release|Any CPU
		{830A5284-5973-493B-AD0A-D146B8FA31AB}.Release|Any CPU.Build.0 = Release|Any CPU
		{830A5284-5973-493B-AD0A-D146B8FA31AB}.Release|x64.ActiveCfg = Release|Any CPU
		{830A5284-5973-493B-AD0A-D146B8FA31AB}.Release|x64.Build.0 = Release|Any CPU
		{830A5284-5973-493B-AD0A-D146B8FA31AB}.Release|x86.ActiveCfg = Release|Any CPU
		{830A5284-5973-493B-AD0A-D146B8FA31AB}.Release|x86.Build.0 = Release|Any CPU
		{7DA1F027-2698-463B-B591-436F98FB901C}.aa|Any CPU.ActiveCfg = Release|Any CPU
		{7DA1F027-2698-463B-B591-436F98FB901C}.aa|Any CPU.Build.0 = Release|Any CPU
		{7DA1F027-2698-463B-B591-436F98FB901C}.aa|x64.ActiveCfg = aa|Any CPU
		{7DA1F027-2698-463B-B591-436F98FB901C}.aa|x64.Build.0 = aa|Any CPU
		{7DA1F027-2698-463B-B591-436F98FB901C}.aa|x86.ActiveCfg = Release|Any CPU
		{7DA1F027-2698-463B-B591-436F98FB901C}.aa|x86.Build.0 = Release|Any CPU
		{7DA1F027-2698-463B-B591-436F98FB901C}.Debug|Any CPU.ActiveCfg = Debug|Any CPU
		{7DA1F027-2698-463B-B591-436F98FB901C}.Debug|Any CPU.Build.0 = Debug|Any CPU
		{7DA1F027-2698-463B-B591-436F98FB901C}.Debug|x64.ActiveCfg = Debug|Any CPU
		{7DA1F027-2698-463B-B591-436F98FB901C}.Debug|x86.ActiveCfg = Debug|Any CPU
		{7DA1F027-2698-463B-B591-436F98FB901C}.Debug|x86.Build.0 = Debug|Any CPU
		{7DA1F027-2698-463B-B591-436F98FB901C}.Release|Any CPU.ActiveCfg = Release|Any CPU
		{7DA1F027-2698-463B-B591-436F98FB901C}.Release|Any CPU.Build.0 = Release|Any CPU
		{7DA1F027-2698-463B-B591-436F98FB901C}.Release|x64.ActiveCfg = Release|Any CPU
		{7DA1F027-2698-463B-B591-436F98FB901C}.Release|x64.Build.0 = Release|Any CPU
		{7DA1F027-2698-463B-B591-436F98FB901C}.Release|x86.ActiveCfg = Release|Any CPU
		{7DA1F027-2698-463B-B591-436F98FB901C}.Release|x86.Build.0 = Release|Any CPU
		{25E4B783-9F74-463C-98DD-6C3BAE8130E1}.aa|Any CPU.ActiveCfg = Debug|Any CPU
		{25E4B783-9F74-463C-98DD-6C3BAE8130E1}.aa|Any CPU.Build.0 = Debug|Any CPU
		{25E4B783-9F74-463C-98DD-6C3BAE8130E1}.aa|x64.ActiveCfg = Debug|Any CPU
		{25E4B783-9F74-463C-98DD-6C3BAE8130E1}.aa|x64.Build.0 = Debug|Any CPU
		{25E4B783-9F74-463C-98DD-6C3BAE8130E1}.aa|x86.ActiveCfg = Debug|Any CPU
		{25E4B783-9F74-463C-98DD-6C3BAE8130E1}.aa|x86.Build.0 = Debug|Any CPU
		{25E4B783-9F74-463C-98DD-6C3BAE8130E1}.Debug|Any CPU.ActiveCfg = Debug|Any CPU
		{25E4B783-9F74-463C-98DD-6C3BAE8130E1}.Debug|Any CPU.Build.0 = Debug|Any CPU
		{25E4B783-9F74-463C-98DD-6C3BAE8130E1}.Debug|x64.ActiveCfg = Debug|Any CPU
		{25E4B783-9F74-463C-98DD-6C3BAE8130E1}.Debug|x64.Build.0 = Debug|Any CPU
		{25E4B783-9F74-463C-98DD-6C3BAE8130E1}.Debug|x86.ActiveCfg = Debug|Any CPU
		{25E4B783-9F74-463C-98DD-6C3BAE8130E1}.Debug|x86.Build.0 = Debug|Any CPU
		{25E4B783-9F74-463C-98DD-6C3BAE8130E1}.Release|Any CPU.ActiveCfg = Release|Any CPU
		{25E4B783-9F74-463C-98DD-6C3BAE8130E1}.Release|Any CPU.Build.0 = Release|Any CPU
		{25E4B783-9F74-463C-98DD-6C3BAE8130E1}.Release|x64.ActiveCfg = Release|Any CPU
		{25E4B783-9F74-463C-98DD-6C3BAE8130E1}.Release|x64.Build.0 = Release|Any CPU
		{25E4B783-9F74-463C-98DD-6C3BAE8130E1}.Release|x86.ActiveCfg = Release|Any CPU
		{25E4B783-9F74-463C-98DD-6C3BAE8130E1}.Release|x86.Build.0 = Release|Any CPU
		{61307974-B28B-489D-91C4-3F8032E8032B}.aa|Any CPU.ActiveCfg = Debug|Any CPU
		{61307974-B28B-489D-91C4-3F8032E8032B}.aa|Any CPU.Build.0 = Debug|Any CPU
		{61307974-B28B-489D-91C4-3F8032E8032B}.aa|x64.ActiveCfg = Debug|Any CPU
		{61307974-B28B-489D-91C4-3F8032E8032B}.aa|x64.Build.0 = Debug|Any CPU
		{61307974-B28B-489D-91C4-3F8032E8032B}.aa|x86.ActiveCfg = Debug|Any CPU
		{61307974-B28B-489D-91C4-3F8032E8032B}.aa|x86.Build.0 = Debug|Any CPU
		{61307974-B28B-489D-91C4-3F8032E8032B}.Debug|Any CPU.ActiveCfg = Debug|Any CPU
		{61307974-B28B-489D-91C4-3F8032E8032B}.Debug|Any CPU.Build.0 = Debug|Any CPU
		{61307974-B28B-489D-91C4-3F8032E8032B}.Debug|x64.ActiveCfg = Debug|Any CPU
		{61307974-B28B-489D-91C4-3F8032E8032B}.Debug|x64.Build.0 = Debug|Any CPU
		{61307974-B28B-489D-91C4-3F8032E8032B}.Debug|x86.ActiveCfg = Debug|Any CPU
		{61307974-B28B-489D-91C4-3F8032E8032B}.Debug|x86.Build.0 = Debug|Any CPU
		{61307974-B28B-489D-91C4-3F8032E8032B}.Release|Any CPU.ActiveCfg = Release|Any CPU
		{61307974-B28B-489D-91C4-3F8032E8032B}.Release|Any CPU.Build.0 = Release|Any CPU
		{61307974-B28B-489D-91C4-3F8032E8032B}.Release|x64.ActiveCfg = Release|Any CPU
		{61307974-B28B-489D-91C4-3F8032E8032B}.Release|x64.Build.0 = Release|Any CPU
		{61307974-B28B-489D-91C4-3F8032E8032B}.Release|x86.ActiveCfg = Release|Any CPU
		{61307974-B28B-489D-91C4-3F8032E8032B}.Release|x86.Build.0 = Release|Any CPU
		{D7371678-C859-4B0D-9054-9935686BD44C}.aa|Any CPU.ActiveCfg = Debug|Any CPU
		{D7371678-C859-4B0D-9054-9935686BD44C}.aa|Any CPU.Build.0 = Debug|Any CPU
		{D7371678-C859-4B0D-9054-9935686BD44C}.aa|x64.ActiveCfg = Debug|Any CPU
		{D7371678-C859-4B0D-9054-9935686BD44C}.aa|x64.Build.0 = Debug|Any CPU
		{D7371678-C859-4B0D-9054-9935686BD44C}.aa|x86.ActiveCfg = Debug|Any CPU
		{D7371678-C859-4B0D-9054-9935686BD44C}.aa|x86.Build.0 = Debug|Any CPU
		{D7371678-C859-4B0D-9054-9935686BD44C}.Debug|Any CPU.ActiveCfg = Debug|Any CPU
		{D7371678-C859-4B0D-9054-9935686BD44C}.Debug|Any CPU.Build.0 = Debug|Any CPU
		{D7371678-C859-4B0D-9054-9935686BD44C}.Debug|x64.ActiveCfg = Debug|Any CPU
		{D7371678-C859-4B0D-9054-9935686BD44C}.Debug|x64.Build.0 = Debug|Any CPU
		{D7371678-C859-4B0D-9054-9935686BD44C}.Debug|x86.ActiveCfg = Debug|Any CPU
		{D7371678-C859-4B0D-9054-9935686BD44C}.Debug|x86.Build.0 = Debug|Any CPU
		{D7371678-C859-4B0D-9054-9935686BD44C}.Release|Any CPU.ActiveCfg = Release|Any CPU
		{D7371678-C859-4B0D-9054-9935686BD44C}.Release|Any CPU.Build.0 = Release|Any CPU
		{D7371678-C859-4B0D-9054-9935686BD44C}.Release|x64.ActiveCfg = Release|Any CPU
		{D7371678-C859-4B0D-9054-9935686BD44C}.Release|x64.Build.0 = Release|Any CPU
		{D7371678-C859-4B0D-9054-9935686BD44C}.Release|x86.ActiveCfg = Release|Any CPU
		{D7371678-C859-4B0D-9054-9935686BD44C}.Release|x86.Build.0 = Release|Any CPU
	EndGlobalSection
	GlobalSection(SolutionProperties) = preSolution
		HideSolutionNode = FALSE
	EndGlobalSection
	GlobalSection(NestedProjects) = preSolution
		{3C6F6AEC-5EAB-44F9-9EBC-A88F40D4EC74} = {7DA4B4AE-BEBD-4EED-A313-DD75E0A07CE2}
		{89A1813E-FF89-458C-9B78-4A14ADCEAF67} = {7DA4B4AE-BEBD-4EED-A313-DD75E0A07CE2}
		{2E818C37-3936-4042-A26C-A603A38B0DF2} = {7DA4B4AE-BEBD-4EED-A313-DD75E0A07CE2}
		{334AAE5B-3880-4502-94D4-77382A62A3CA} = {7DA4B4AE-BEBD-4EED-A313-DD75E0A07CE2}
		{10EA4947-B99F-4544-A75A-BF914EB8D3D7} = {334AAE5B-3880-4502-94D4-77382A62A3CA}
		{D3A3963A-25C8-405D-B73B-8AEC908EDA7C} = {2E818C37-3936-4042-A26C-A603A38B0DF2}
		{6106E3A1-5B7E-42F0-A017-A37157D65962} = {2E818C37-3936-4042-A26C-A603A38B0DF2}
		{1150C535-6E54-4982-B123-1F854313099B} = {334AAE5B-3880-4502-94D4-77382A62A3CA}
		{CB53C6EF-BCB4-476A-BB23-0E9B0707A8B9} = {89A1813E-FF89-458C-9B78-4A14ADCEAF67}
		{830A5284-5973-493B-AD0A-D146B8FA31AB} = {334AAE5B-3880-4502-94D4-77382A62A3CA}
		{7DA1F027-2698-463B-B591-436F98FB901C} = {334AAE5B-3880-4502-94D4-77382A62A3CA}
		{940CC603-2D30-46C0-95ED-2627BF30F5A4} = {334AAE5B-3880-4502-94D4-77382A62A3CA}
		{25E4B783-9F74-463C-98DD-6C3BAE8130E1} = {940CC603-2D30-46C0-95ED-2627BF30F5A4}
		{8765AC21-38DB-425B-80A0-F7625E87D78F} = {3C6F6AEC-5EAB-44F9-9EBC-A88F40D4EC74}
		{61307974-B28B-489D-91C4-3F8032E8032B} = {8765AC21-38DB-425B-80A0-F7625E87D78F}
		{032A35B5-101B-4B21-8BE9-E260E69CC8CC} = {7DA4B4AE-BEBD-4EED-A313-DD75E0A07CE2}
		{D7371678-C859-4B0D-9054-9935686BD44C} = {032A35B5-101B-4B21-8BE9-E260E69CC8CC}
	EndGlobalSection
	GlobalSection(ExtensibilityGlobals) = postSolution
		SolutionGuid = {2E05FC59-F977-4BF8-A2F7-97567DE85F25}
	EndGlobalSection
EndGlobal
